
Microsoft Visual Studio Solution File, Format Version 12.00
# Visual Studio Version 17
VisualStudioVersion = 17.6.33829.357
MinimumVisualStudioVersion = 10.0.40219.1
Project("{FAE04EC0-301F-11D3-BF4B-00C04F79EFBC}") = "EmailWService", "EmailWService\EmailWService.csproj", "{31A6325E-03EF-46EB-A5EB-6A40D4308352}"
EndProject
Global
	GlobalSection(SolutionConfigurationPlatforms) = preSolution
		Debug|Any CPU = Debug|Any CPU
		Release|Any CPU = Release|Any CPU
	EndGlobalSection
	GlobalSection(ProjectConfigurationPlatforms) = postSolution
		{31A6325E-03EF-46EB-A5EB-6A40D4308352}.Debug|Any CPU.ActiveCfg = Debug|Any CPU
		{31A6325E-03EF-46EB-A5EB-6A40D4308352}.Debug|Any CPU.Build.0 = Debug|Any CPU
		{31A6325E-03EF-46EB-A5EB-6A40D4308352}.Release|Any CPU.ActiveCfg = Release|Any CPU
		{31A6325E-03EF-46EB-A5EB-6A40D4308352}.Release|Any CPU.Build.0 = Release|Any CPU
	EndGlobalSection
	GlobalSection(SolutionProperties) = preSolution
		HideSolutionNode = FALSE
	EndGlobalSection
	GlobalSection(ExtensibilityGlobals) = postSolution
		SolutionGuid = {02D438A8-D1DB-407A-B671-3707ABC79A56}
	EndGlobalSection
EndGlobal
